
Microsoft Visual Studio Solution File, Format Version 12.00
# Visual Studio Version 17
VisualStudioVersion = 17.7.34024.191
MinimumVisualStudioVersion = 10.0.40219.1
Project("{9A19103F-16F7-4668-BE54-9A1E7A4F7556}") = "LAB4", "LAB4\LAB4.csproj", "{D2A00762-C0F8-412D-854B-B43BB99028E4}"
EndProject
Project("{9A19103F-16F7-4668-BE54-9A1E7A4F7556}") = "LAB4_TEST", "LAB4_TEST\LAB4_TEST.csproj", "{34645D69-A343-462D-BC63-5DB5AE454C0B}"
EndProject
Project("{FAE04EC0-301F-11D3-BF4B-00C04F79EFBC}") = "LAB4_PARSER", "LAB4_PARSER\LAB4_PARSER.csproj", "{29662F55-2901-4375-851E-36B87EDDA4F4}"
EndProject
Global
	GlobalSection(SolutionConfigurationPlatforms) = preSolution
		Debug|Any CPU = Debug|Any CPU
		Release|Any CPU = Release|Any CPU
	EndGlobalSection
	GlobalSection(ProjectConfigurationPlatforms) = postSolution
		{D2A00762-C0F8-412D-854B-B43BB99028E4}.Debug|Any CPU.ActiveCfg = Debug|Any CPU
		{D2A00762-C0F8-412D-854B-B43BB99028E4}.Debug|Any CPU.Build.0 = Debug|Any CPU
		{D2A00762-C0F8-412D-854B-B43BB99028E4}.Release|Any CPU.ActiveCfg = Release|Any CPU
		{D2A00762-C0F8-412D-854B-B43BB99028E4}.Release|Any CPU.Build.0 = Release|Any CPU
		{34645D69-A343-462D-BC63-5DB5AE454C0B}.Debug|Any CPU.ActiveCfg = Debug|Any CPU
		{34645D69-A343-462D-BC63-5DB5AE454C0B}.Debug|Any CPU.Build.0 = Debug|Any CPU
		{34645D69-A343-462D-BC63-5DB5AE454C0B}.Release|Any CPU.ActiveCfg = Release|Any CPU
		{34645D69-A343-462D-BC63-5DB5AE454C0B}.Release|Any CPU.Build.0 = Release|Any CPU
		{29662F55-2901-4375-851E-36B87EDDA4F4}.Debug|Any CPU.ActiveCfg = Debug|Any CPU
		{29662F55-2901-4375-851E-36B87EDDA4F4}.Debug|Any CPU.Build.0 = Debug|Any CPU
		{29662F55-2901-4375-851E-36B87EDDA4F4}.Release|Any CPU.ActiveCfg = Release|Any CPU
		{29662F55-2901-4375-851E-36B87EDDA4F4}.Release|Any CPU.Build.0 = Release|Any CPU
	EndGlobalSection
	GlobalSection(SolutionProperties) = preSolution
		HideSolutionNode = FALSE
	EndGlobalSection
	GlobalSection(ExtensibilityGlobals) = postSolution
		SolutionGuid = {B8F97C96-CCC4-47B1-BF4F-E3F212C9A84B}
	EndGlobalSection
EndGlobal
